{
  "object": {
    "pins": [
      {
        "package": "CircuitBreaker",
        "repositoryURL": "https://github.com/IBM-Swift/CircuitBreaker.git",
        "state": {
          "branch": null,
          "revision": "81581e3fb094ab4879aa2c5ce54201f1dbce0a7f",
          "version": "5.0.1"
        }
      },
      {
        "package": "LoggerAPI",
        "repositoryURL": "https://github.com/IBM-Swift/LoggerAPI.git",
        "state": {
          "branch": null,
          "revision": "5041f2673aa75d6e973d9b6bd3956bc5068387c8",
          "version": "1.7.3"
        }
      },
      {
        "package": "ShellOut",
        "repositoryURL": "https://github.com/JohnSundell/ShellOut.git",
        "state": {
          "branch": null,
          "revision": "f1c253a34a40df4bfd268b09fdb101b059f6d52d",
          "version": "2.1.0"
        }
      },
      {
        "package": "SwiftyRequest",
        "repositoryURL": "https://github.com/IBM-Swift/SwiftyRequest.git",
        "state": {
          "branch": null,
          "revision": "617de05a8bea00acf0c1fd68fd8c42aa7a42c036",
          "version": "1.1.3"
        }
      },
      {
        "package": "WebBrowser",
        "repositoryURL": "https://github.com/oliveroneill/WebBrowser.git",
        "state": {
          "branch": "master",
          "revision": "f0f5380417a2d53dd02690ddb32e34a38a2b7600",
          "version": null
        }
      }
    ]
  },
  "version": 1
}
